
Microsoft Visual Studio Solution File, Format Version 12.00
# Visual Studio Version 17
VisualStudioVersion = 17.14.37111.16
MinimumVisualStudioVersion = 10.0.40219.1
Project("{8BC9CEB8-8B4A-11D0-8D11-00A0C91BC942}") = "DeadMansDraw", "DeadMansDraw\DeadMansDraw.vcxproj", "{44FD5782-192D-4295-A2DC-6A32528D68EB}"
EndProject
Project("{2150E333-8FDC-42A3-9474-1A3956D46DE8}") = "Solution Items", "Solution Items", "{8EC462FD-D22E-90A8-E5CE-7E832BA40C5D}"
	ProjectSection(SolutionItems) = preProject
		..\..\..\OneDrive\UniversityOfAdelaide\Software Engineering\Year 4\Design Patterns in C++\Dead Mans Draw - Class Diagram.pdf = ..\..\..\OneDrive\UniversityOfAdelaide\Software Engineering\Year 4\Design Patterns in C++\Dead Mans Draw - Class Diagram.pdf
	EndProjectSection
EndProject
Global
	GlobalSection(SolutionConfigurationPlatforms) = preSolution
		Debug|x64 = Debug|x64
		Debug|x86 = Debug|x86
		Release|x64 = Release|x64
		Release|x86 = Release|x86
	EndGlobalSection
	GlobalSection(ProjectConfigurationPlatforms) = postSolution
		{44FD5782-192D-4295-A2DC-6A32528D68EB}.Debug|x64.ActiveCfg = Debug|x64
		{44FD5782-192D-4295-A2DC-6A32528D68EB}.Debug|x64.Build.0 = Debug|x64
		{44FD5782-192D-4295-A2DC-6A32528D68EB}.Debug|x86.ActiveCfg = Debug|Win32
		{44FD5782-192D-4295-A2DC-6A32528D68EB}.Debug|x86.Build.0 = Debug|Win32
		{44FD5782-192D-4295-A2DC-6A32528D68EB}.Release|x64.ActiveCfg = Release|x64
		{44FD5782-192D-4295-A2DC-6A32528D68EB}.Release|x64.Build.0 = Release|x64
		{44FD5782-192D-4295-A2DC-6A32528D68EB}.Release|x86.ActiveCfg = Release|Win32
		{44FD5782-192D-4295-A2DC-6A32528D68EB}.Release|x86.Build.0 = Release|Win32
	EndGlobalSection
	GlobalSection(SolutionProperties) = preSolution
		HideSolutionNode = FALSE
	EndGlobalSection
	GlobalSection(ExtensibilityGlobals) = postSolution
		SolutionGuid = {D7EBF986-103E-4FF0-BBF7-0F04F6EAF1DC}
	EndGlobalSection
EndGlobal
